
Microsoft Visual Studio Solution File, Format Version 12.00
# Visual Studio 15
VisualStudioVersion = 15.0.27130.0
MinimumVisualStudioVersion = 10.0.40219.1
Project("{9A19103F-16F7-4668-BE54-9A1E7A4F7556}") = "Arrays", "Arrays\Arrays.csproj", "{DBA9DBC0-8328-4FAD-AB67-65E003165AE6}"
EndProject
Project("{9A19103F-16F7-4668-BE54-9A1E7A4F7556}") = "ArraysTest", "ArraysTest\ArraysTest.csproj", "{B2DB7D9D-45A1-4AA1-A724-2BCD91C54FAD}"
EndProject
Project("{9A19103F-16F7-4668-BE54-9A1E7A4F7556}") = "LinkedLists", "LinkedLists\LinkedLists.csproj", "{93AC05FC-839C-4D11-9B54-8A9E4F5E368E}"
EndProject
Project("{FAE04EC0-301F-11D3-BF4B-00C04F79EFBC}") = "RecursionAndDynamicProgramming", "RecursionAndDynamicProgramming\RecursionAndDynamicProgramming.csproj", "{F0BCC79E-D1A2-49F9-8C53-5C3B2E48E8EC}"
EndProject
Project("{FAE04EC0-301F-11D3-BF4B-00C04F79EFBC}") = "RecursionAndDynamicProgrammingTest", "RecursionAndDynamicProgrammingTest\RecursionAndDynamicProgrammingTest.csproj", "{CA924855-D9EE-43FF-AA0D-54D337368DA7}"
EndProject
Project("{FAE04EC0-301F-11D3-BF4B-00C04F79EFBC}") = "HashTables", "HashTables\HashTables.csproj", "{2690585F-E778-40F7-98B8-C9CC9130D73E}"
EndProject
Project("{FAE04EC0-301F-11D3-BF4B-00C04F79EFBC}") = "UnionFind", "UnionFind\UnionFind.csproj", "{A9646E5D-AF39-461D-80A1-9643C44B29C0}"
EndProject
Project("{FAE04EC0-301F-11D3-BF4B-00C04F79EFBC}") = "HashTablesTest", "HashTablesTest\HashTablesTest.csproj", "{76B65D75-8D08-475A-9C38-0B0583F7BCCE}"
EndProject
Global
	GlobalSection(SolutionConfigurationPlatforms) = preSolution
		Debug|Any CPU = Debug|Any CPU
		Release|Any CPU = Release|Any CPU
	EndGlobalSection
	GlobalSection(ProjectConfigurationPlatforms) = postSolution
		{DBA9DBC0-8328-4FAD-AB67-65E003165AE6}.Debug|Any CPU.ActiveCfg = Debug|Any CPU
		{DBA9DBC0-8328-4FAD-AB67-65E003165AE6}.Debug|Any CPU.Build.0 = Debug|Any CPU
		{DBA9DBC0-8328-4FAD-AB67-65E003165AE6}.Release|Any CPU.ActiveCfg = Release|Any CPU
		{DBA9DBC0-8328-4FAD-AB67-65E003165AE6}.Release|Any CPU.Build.0 = Release|Any CPU
		{B2DB7D9D-45A1-4AA1-A724-2BCD91C54FAD}.Debug|Any CPU.ActiveCfg = Debug|Any CPU
		{B2DB7D9D-45A1-4AA1-A724-2BCD91C54FAD}.Debug|Any CPU.Build.0 = Debug|Any CPU
		{B2DB7D9D-45A1-4AA1-A724-2BCD91C54FAD}.Release|Any CPU.ActiveCfg = Release|Any CPU
		{B2DB7D9D-45A1-4AA1-A724-2BCD91C54FAD}.Release|Any CPU.Build.0 = Release|Any CPU
		{93AC05FC-839C-4D11-9B54-8A9E4F5E368E}.Debug|Any CPU.ActiveCfg = Debug|Any CPU
		{93AC05FC-839C-4D11-9B54-8A9E4F5E368E}.Debug|Any CPU.Build.0 = Debug|Any CPU
		{93AC05FC-839C-4D11-9B54-8A9E4F5E368E}.Release|Any CPU.ActiveCfg = Release|Any CPU
		{93AC05FC-839C-4D11-9B54-8A9E4F5E368E}.Release|Any CPU.Build.0 = Release|Any CPU
		{F0BCC79E-D1A2-49F9-8C53-5C3B2E48E8EC}.Debug|Any CPU.ActiveCfg = Debug|Any CPU
		{F0BCC79E-D1A2-49F9-8C53-5C3B2E48E8EC}.Debug|Any CPU.Build.0 = Debug|Any CPU
		{F0BCC79E-D1A2-49F9-8C53-5C3B2E48E8EC}.Release|Any CPU.ActiveCfg = Release|Any CPU
		{F0BCC79E-D1A2-49F9-8C53-5C3B2E48E8EC}.Release|Any CPU.Build.0 = Release|Any CPU
		{CA924855-D9EE-43FF-AA0D-54D337368DA7}.Debug|Any CPU.ActiveCfg = Debug|Any CPU
		{CA924855-D9EE-43FF-AA0D-54D337368DA7}.Debug|Any CPU.Build.0 = Debug|Any CPU
		{CA924855-D9EE-43FF-AA0D-54D337368DA7}.Release|Any CPU.ActiveCfg = Release|Any CPU
		{CA924855-D9EE-43FF-AA0D-54D337368DA7}.Release|Any CPU.Build.0 = Release|Any CPU
		{2690585F-E778-40F7-98B8-C9CC9130D73E}.Debug|Any CPU.ActiveCfg = Debug|Any CPU
		{2690585F-E778-40F7-98B8-C9CC9130D73E}.Debug|Any CPU.Build.0 = Debug|Any CPU
		{2690585F-E778-40F7-98B8-C9CC9130D73E}.Release|Any CPU.ActiveCfg = Release|Any CPU
		{2690585F-E778-40F7-98B8-C9CC9130D73E}.Release|Any CPU.Build.0 = Release|Any CPU
		{A9646E5D-AF39-461D-80A1-9643C44B29C0}.Debug|Any CPU.ActiveCfg = Debug|Any CPU
		{A9646E5D-AF39-461D-80A1-9643C44B29C0}.Debug|Any CPU.Build.0 = Debug|Any CPU
		{A9646E5D-AF39-461D-80A1-9643C44B29C0}.Release|Any CPU.ActiveCfg = Release|Any CPU
		{A9646E5D-AF39-461D-80A1-9643C44B29C0}.Release|Any CPU.Build.0 = Release|Any CPU
		{76B65D75-8D08-475A-9C38-0B0583F7BCCE}.Debug|Any CPU.ActiveCfg = Debug|Any CPU
		{76B65D75-8D08-475A-9C38-0B0583F7BCCE}.Debug|Any CPU.Build.0 = Debug|Any CPU
		{76B65D75-8D08-475A-9C38-0B0583F7BCCE}.Release|Any CPU.ActiveCfg = Release|Any CPU
		{76B65D75-8D08-475A-9C38-0B0583F7BCCE}.Release|Any CPU.Build.0 = Release|Any CPU
	EndGlobalSection
	GlobalSection(SolutionProperties) = preSolution
		HideSolutionNode = FALSE
	EndGlobalSection
	GlobalSection(ExtensibilityGlobals) = postSolution
		SolutionGuid = {897E7AA5-24AB-489E-A336-FBFE2797DAED}
	EndGlobalSection
EndGlobal
